
Microsoft Visual Studio Solution File, Format Version 12.00
# Visual Studio Version 17
VisualStudioVersion = 17.5.002.0
MinimumVisualStudioVersion = 10.0.40219.1
Project("{9A19103F-16F7-4668-BE54-9A1E7A4F7556}") = "App", "App\App.csproj", "{30597B4F-F090-4B67-BC43-C0B7CB93A360}"
EndProject
Project("{9A19103F-16F7-4668-BE54-9A1E7A4F7556}") = "Identity", "Identity\Identity.csproj", "{392EC716-EDF8-4C63-87D2-B6B15CD60F43}"
EndProject
Global
	GlobalSection(SolutionConfigurationPlatforms) = preSolution
		Debug|Any CPU = Debug|Any CPU
		Release|Any CPU = Release|Any CPU
	EndGlobalSection
	GlobalSection(ProjectConfigurationPlatforms) = postSolution
		{30597B4F-F090-4B67-BC43-C0B7CB93A360}.Debug|Any CPU.ActiveCfg = Debug|Any CPU
		{30597B4F-F090-4B67-BC43-C0B7CB93A360}.Debug|Any CPU.Build.0 = Debug|Any CPU
		{30597B4F-F090-4B67-BC43-C0B7CB93A360}.Release|Any CPU.ActiveCfg = Release|Any CPU
		{30597B4F-F090-4B67-BC43-C0B7CB93A360}.Release|Any CPU.Build.0 = Release|Any CPU
		{392EC716-EDF8-4C63-87D2-B6B15CD60F43}.Debug|Any CPU.ActiveCfg = Debug|Any CPU
		{392EC716-EDF8-4C63-87D2-B6B15CD60F43}.Debug|Any CPU.Build.0 = Debug|Any CPU
		{392EC716-EDF8-4C63-87D2-B6B15CD60F43}.Release|Any CPU.ActiveCfg = Release|Any CPU
		{392EC716-EDF8-4C63-87D2-B6B15CD60F43}.Release|Any CPU.Build.0 = Release|Any CPU
	EndGlobalSection
	GlobalSection(SolutionProperties) = preSolution
		HideSolutionNode = FALSE
	EndGlobalSection
	GlobalSection(ExtensibilityGlobals) = postSolution
		SolutionGuid = {A64C8F59-EBD9-44CD-8F04-5107833BE70A}
	EndGlobalSection
EndGlobal
